
Microsoft Visual Studio Solution File, Format Version 12.00
# Visual Studio Version 17
VisualStudioVersion = 17.0.31903.59
MinimumVisualStudioVersion = 10.0.40219.1
Project("{FAE04EC0-301F-11D3-BF4B-00C04F79EFBC}") = "MonolitoBackend.Core", "MonolitoBackend.Core\MonolitoBackend.Core.csproj", "{ABFFBD24-B899-4A5F-9304-8B9A0DC332E9}"
EndProject
Project("{FAE04EC0-301F-11D3-BF4B-00C04F79EFBC}") = "MonolitoBackend.Infrastructure", "MonolitoBackend.Infrastructure\MonolitoBackend.Infrastructure.csproj", "{13FD0904-4D71-40FB-AEA3-CC76235C7215}"
EndProject
Project("{FAE04EC0-301F-11D3-BF4B-00C04F79EFBC}") = "MonolitoBackend.Api", "MonolitoBackend.Api\MonolitoBackend.Api.csproj", "{5F9BCAB2-3B0D-4086-9636-A91699E9BB92}"
EndProject
Global
	GlobalSection(SolutionConfigurationPlatforms) = preSolution
		Debug|Any CPU = Debug|Any CPU
		Release|Any CPU = Release|Any CPU
	EndGlobalSection
	GlobalSection(SolutionProperties) = preSolution
		HideSolutionNode = FALSE
	EndGlobalSection
	GlobalSection(ProjectConfigurationPlatforms) = postSolution
		{ABFFBD24-B899-4A5F-9304-8B9A0DC332E9}.Debug|Any CPU.ActiveCfg = Debug|Any CPU
		{ABFFBD24-B899-4A5F-9304-8B9A0DC332E9}.Debug|Any CPU.Build.0 = Debug|Any CPU
		{ABFFBD24-B899-4A5F-9304-8B9A0DC332E9}.Release|Any CPU.ActiveCfg = Release|Any CPU
		{ABFFBD24-B899-4A5F-9304-8B9A0DC332E9}.Release|Any CPU.Build.0 = Release|Any CPU
		{13FD0904-4D71-40FB-AEA3-CC76235C7215}.Debug|Any CPU.ActiveCfg = Debug|Any CPU
		{13FD0904-4D71-40FB-AEA3-CC76235C7215}.Debug|Any CPU.Build.0 = Debug|Any CPU
		{13FD0904-4D71-40FB-AEA3-CC76235C7215}.Release|Any CPU.ActiveCfg = Release|Any CPU
		{13FD0904-4D71-40FB-AEA3-CC76235C7215}.Release|Any CPU.Build.0 = Release|Any CPU
		{5F9BCAB2-3B0D-4086-9636-A91699E9BB92}.Debug|Any CPU.ActiveCfg = Debug|Any CPU
		{5F9BCAB2-3B0D-4086-9636-A91699E9BB92}.Debug|Any CPU.Build.0 = Debug|Any CPU
		{5F9BCAB2-3B0D-4086-9636-A91699E9BB92}.Release|Any CPU.ActiveCfg = Release|Any CPU
		{5F9BCAB2-3B0D-4086-9636-A91699E9BB92}.Release|Any CPU.Build.0 = Release|Any CPU
	EndGlobalSection
EndGlobal
